# generated by rye
# use `rye lock` or `rye sync` to update this lockfile
#
# last locked with the following flags:
#   pre: false
#   features: []
#   all-features: false
#   with-sources: false
#   generate-hashes: false
#   universal: false

-e file:.
alabaster==0.7.16
    # via sphinx
astroid==3.2.4
    # via pylint
babel==2.16.0
    # via sphinx
beautifulsoup4==4.12.3
    # via furo
certifi==2024.7.4
    # via requests
    # via scrapeschema
charset-normalizer==3.3.2
    # via requests
    # via scrapeschema
dill==0.3.8
    # via pylint
docutils==0.19
    # via sphinx
exceptiongroup==1.2.2
    # via pytest
furo==2024.5.6
    # via scrapeschema
idna==3.8
    # via requests
    # via scrapeschema
imagesize==1.4.1
    # via sphinx
importlib-metadata==8.5.0
    # via sphinx
iniconfig==2.0.0
    # via pytest
isort==5.13.2
    # via pylint
jinja2==3.1.4
    # via pyecharts
    # via sphinx
markupsafe==2.1.5
    # via jinja2
mccabe==0.7.0
    # via pylint
packaging==24.1
    # via pytest
    # via sphinx
pillow==10.4.0
    # via scrapeschema
platformdirs==4.3.2
    # via pylint
pluggy==1.5.0
    # via pytest
prettytable==3.11.0
    # via pyecharts
pyecharts==2.0.6
    # via scrapeschema
pygments==2.18.0
    # via furo
    # via sphinx
pylint==3.2.7
pytest==8.0.0
    # via pytest-mock
pytest-mock==3.14.0
python-dotenv==1.0.1
    # via scrapeschema
requests==2.32.3
    # via scrapeschema
    # via sphinx
simplejson==3.19.3
    # via pyecharts
snowballstemmer==2.2.0
    # via sphinx
soupsieve==2.6
    # via beautifulsoup4
sphinx==6.0.0
    # via furo
    # via scrapeschema
    # via sphinx-basic-ng
sphinx-basic-ng==1.0.0b2
    # via furo
sphinxcontrib-applehelp==2.0.0
    # via sphinx
sphinxcontrib-devhelp==2.0.0
    # via sphinx
sphinxcontrib-htmlhelp==2.1.0
    # via sphinx
sphinxcontrib-jsmath==1.0.1
    # via sphinx
sphinxcontrib-qthelp==2.0.0
    # via sphinx
sphinxcontrib-serializinghtml==2.0.0
    # via sphinx
tomli==2.0.1
    # via pylint
    # via pytest
tomlkit==0.13.2
    # via pylint
typing-extensions==4.12.2
    # via astroid
    # via pylint
urllib3==2.2.2
    # via requests
    # via scrapeschema
wcwidth==0.2.13
    # via prettytable
zipp==3.20.1
    # via importlib-metadata
