# generated by rye
# use `rye lock` or `rye sync` to update this lockfile
#
# last locked with the following flags:
#   pre: false
#   features: []
#   all-features: false
#   with-sources: false

-e file:.
certifi==2024.7.4
    # via requests
    # via scrapeschema
charset-normalizer==3.3.2
    # via requests
    # via scrapeschema
idna==3.8
    # via requests
    # via scrapeschema
pillow==10.4.0
    # via scrapeschema
python-dotenv==1.0.1
    # via scrapeschema
requests==2.32.3
    # via scrapeschema
urllib3==2.2.2
    # via requests
    # via scrapeschema
